
Microsoft Visual Studio Solution File, Format Version 12.00
# Visual Studio Version 16
VisualStudioVersion = 16.0.31205.134
MinimumVisualStudioVersion = 10.0.40219.1
Project("{FAE04EC0-301F-11D3-BF4B-00C04F79EFBC}") = "Course", "Course\Course.csproj", "{987B8D0D-A4EB-4DA5-AB4D-D2E8722E7911}"
EndProject
Global
	GlobalSection(SolutionConfigurationPlatforms) = preSolution
		Debug|Any CPU = Debug|Any CPU
		Release|Any CPU = Release|Any CPU
	EndGlobalSection
	GlobalSection(ProjectConfigurationPlatforms) = postSolution
		{987B8D0D-A4EB-4DA5-AB4D-D2E8722E7911}.Debug|Any CPU.ActiveCfg = Debug|Any CPU
		{987B8D0D-A4EB-4DA5-AB4D-D2E8722E7911}.Debug|Any CPU.Build.0 = Debug|Any CPU
		{987B8D0D-A4EB-4DA5-AB4D-D2E8722E7911}.Release|Any CPU.ActiveCfg = Release|Any CPU
		{987B8D0D-A4EB-4DA5-AB4D-D2E8722E7911}.Release|Any CPU.Build.0 = Release|Any CPU
	EndGlobalSection
	GlobalSection(SolutionProperties) = preSolution
		HideSolutionNode = FALSE
	EndGlobalSection
	GlobalSection(ExtensibilityGlobals) = postSolution
		SolutionGuid = {7D6148EC-E220-4929-94A4-BE30A21E3FCF}
	EndGlobalSection
EndGlobal
